
Microsoft Visual Studio Solution File, Format Version 12.00
# Visual Studio Version 16
VisualStudioVersion = 16.0.32929.386
MinimumVisualStudioVersion = 10.0.40219.1
Project("{FAE04EC0-301F-11D3-BF4B-00C04F79EFBC}") = "CRUD_PRACTICE_PROJECT", "CRUD_PRACTICE_PROJECT\CRUD_PRACTICE_PROJECT.csproj", "{BB0D757B-A994-449E-B354-E30D00F42847}"
EndProject
Global
	GlobalSection(SolutionConfigurationPlatforms) = preSolution
		Debug|Any CPU = Debug|Any CPU
		Release|Any CPU = Release|Any CPU
	EndGlobalSection
	GlobalSection(ProjectConfigurationPlatforms) = postSolution
		{BB0D757B-A994-449E-B354-E30D00F42847}.Debug|Any CPU.ActiveCfg = Debug|Any CPU
		{BB0D757B-A994-449E-B354-E30D00F42847}.Debug|Any CPU.Build.0 = Debug|Any CPU
		{BB0D757B-A994-449E-B354-E30D00F42847}.Release|Any CPU.ActiveCfg = Release|Any CPU
		{BB0D757B-A994-449E-B354-E30D00F42847}.Release|Any CPU.Build.0 = Release|Any CPU
	EndGlobalSection
	GlobalSection(SolutionProperties) = preSolution
		HideSolutionNode = FALSE
	EndGlobalSection
	GlobalSection(ExtensibilityGlobals) = postSolution
		SolutionGuid = {E47BEE64-961A-419C-8E28-3EE700A72962}
	EndGlobalSection
EndGlobal
